
Microsoft Visual Studio Solution File, Format Version 12.00
# Visual Studio Version 17
VisualStudioVersion = 17.2.32505.173
MinimumVisualStudioVersion = 10.0.40219.1
Project("{9A19103F-16F7-4668-BE54-9A1E7A4F7556}") = "ASP_MVC_03_Modele", "ASP_MVC_03_Modele\ASP_MVC_03_Modele.csproj", "{A0D5CBB6-BCC3-469C-889A-7F95D0608BF3}"
EndProject
Project("{00D1A9C2-B5F0-4AF3-8072-F6C62B433612}") = "ASP_MVC_03_Modele.DB", "ASP_MVC_03_Modele.DB\ASP_MVC_03_Modele.DB.sqlproj", "{A3581C5B-D9E8-461E-9785-78197B6D2B8A}"
EndProject
Project("{9A19103F-16F7-4668-BE54-9A1E7A4F7556}") = "ASP_MVC_03_Modele.BLL", "ASP_MVC_03_Modele.BLL\ASP_MVC_03_Modele.BLL.csproj", "{08C74FE9-3D57-497B-92B0-BBC56B084E45}"
EndProject
Project("{9A19103F-16F7-4668-BE54-9A1E7A4F7556}") = "ASP_MVC_03_Modele.DAL", "ASP_MVC_03_Modele.DAL\ASP_MVC_03_Modele.DAL.csproj", "{9C7FA417-9147-470E-91B1-2EFA792D29B4}"
EndProject
Project("{9A19103F-16F7-4668-BE54-9A1E7A4F7556}") = "Tools.Connections", "Tools.Connections\Tools.Connections.csproj", "{D95C966E-B531-4CE0-A40C-986AE864C3FD}"
EndProject
Project("{FAE04EC0-301F-11D3-BF4B-00C04F79EFBC}") = "WEB_API_Heroes", "WEB_API_Heroes\WEB_API_Heroes.csproj", "{60DA06E6-D698-46B8-ABAC-9EBEEABB8116}"
EndProject
Project("{FAE04EC0-301F-11D3-BF4B-00C04F79EFBC}") = "WEB_API_Heroes.Test", "WEB_API_Heroes.Test\WEB_API_Heroes.Test.csproj", "{B62A72F7-F697-4A70-A775-1359651764EE}"
EndProject
Global
	GlobalSection(SolutionConfigurationPlatforms) = preSolution
		Debug|Any CPU = Debug|Any CPU
		Release|Any CPU = Release|Any CPU
	EndGlobalSection
	GlobalSection(ProjectConfigurationPlatforms) = postSolution
		{A0D5CBB6-BCC3-469C-889A-7F95D0608BF3}.Debug|Any CPU.ActiveCfg = Debug|Any CPU
		{A0D5CBB6-BCC3-469C-889A-7F95D0608BF3}.Debug|Any CPU.Build.0 = Debug|Any CPU
		{A0D5CBB6-BCC3-469C-889A-7F95D0608BF3}.Release|Any CPU.ActiveCfg = Release|Any CPU
		{A0D5CBB6-BCC3-469C-889A-7F95D0608BF3}.Release|Any CPU.Build.0 = Release|Any CPU
		{A3581C5B-D9E8-461E-9785-78197B6D2B8A}.Debug|Any CPU.ActiveCfg = Debug|Any CPU
		{A3581C5B-D9E8-461E-9785-78197B6D2B8A}.Debug|Any CPU.Build.0 = Debug|Any CPU
		{A3581C5B-D9E8-461E-9785-78197B6D2B8A}.Debug|Any CPU.Deploy.0 = Debug|Any CPU
		{A3581C5B-D9E8-461E-9785-78197B6D2B8A}.Release|Any CPU.ActiveCfg = Release|Any CPU
		{A3581C5B-D9E8-461E-9785-78197B6D2B8A}.Release|Any CPU.Build.0 = Release|Any CPU
		{A3581C5B-D9E8-461E-9785-78197B6D2B8A}.Release|Any CPU.Deploy.0 = Release|Any CPU
		{08C74FE9-3D57-497B-92B0-BBC56B084E45}.Debug|Any CPU.ActiveCfg = Debug|Any CPU
		{08C74FE9-3D57-497B-92B0-BBC56B084E45}.Debug|Any CPU.Build.0 = Debug|Any CPU
		{08C74FE9-3D57-497B-92B0-BBC56B084E45}.Release|Any CPU.ActiveCfg = Release|Any CPU
		{08C74FE9-3D57-497B-92B0-BBC56B084E45}.Release|Any CPU.Build.0 = Release|Any CPU
		{9C7FA417-9147-470E-91B1-2EFA792D29B4}.Debug|Any CPU.ActiveCfg = Debug|Any CPU
		{9C7FA417-9147-470E-91B1-2EFA792D29B4}.Debug|Any CPU.Build.0 = Debug|Any CPU
		{9C7FA417-9147-470E-91B1-2EFA792D29B4}.Release|Any CPU.ActiveCfg = Release|Any CPU
		{9C7FA417-9147-470E-91B1-2EFA792D29B4}.Release|Any CPU.Build.0 = Release|Any CPU
		{D95C966E-B531-4CE0-A40C-986AE864C3FD}.Debug|Any CPU.ActiveCfg = Debug|Any CPU
		{D95C966E-B531-4CE0-A40C-986AE864C3FD}.Debug|Any CPU.Build.0 = Debug|Any CPU
		{D95C966E-B531-4CE0-A40C-986AE864C3FD}.Release|Any CPU.ActiveCfg = Release|Any CPU
		{D95C966E-B531-4CE0-A40C-986AE864C3FD}.Release|Any CPU.Build.0 = Release|Any CPU
		{60DA06E6-D698-46B8-ABAC-9EBEEABB8116}.Debug|Any CPU.ActiveCfg = Debug|Any CPU
		{60DA06E6-D698-46B8-ABAC-9EBEEABB8116}.Debug|Any CPU.Build.0 = Debug|Any CPU
		{60DA06E6-D698-46B8-ABAC-9EBEEABB8116}.Release|Any CPU.ActiveCfg = Release|Any CPU
		{60DA06E6-D698-46B8-ABAC-9EBEEABB8116}.Release|Any CPU.Build.0 = Release|Any CPU
		{B62A72F7-F697-4A70-A775-1359651764EE}.Debug|Any CPU.ActiveCfg = Debug|Any CPU
		{B62A72F7-F697-4A70-A775-1359651764EE}.Debug|Any CPU.Build.0 = Debug|Any CPU
		{B62A72F7-F697-4A70-A775-1359651764EE}.Release|Any CPU.ActiveCfg = Release|Any CPU
		{B62A72F7-F697-4A70-A775-1359651764EE}.Release|Any CPU.Build.0 = Release|Any CPU
	EndGlobalSection
	GlobalSection(SolutionProperties) = preSolution
		HideSolutionNode = FALSE
	EndGlobalSection
	GlobalSection(ExtensibilityGlobals) = postSolution
		SolutionGuid = {93349789-E21F-4DCB-9C0D-E828EA0AEE39}
	EndGlobalSection
EndGlobal
